# This file is autogenerated, do not edit; changes may be undone by the next 'dep ensure'.


[[projects]]
  branch = "master"
  name = "github.com/atotto/clipboard"
  packages = ["."]
  revision = "5e2c7bddca04488284428a201e4a15615f7a5074"

[solve-meta]
  analyzer-name = "dep"
  analyzer-version = 1
  inputs-digest = "db2b541595c3d2cb890088e63e7053cac0317ced7aff622ebab5b1c3199872a2"
  solver-name = "gps-cdcl"
  solver-version = 1
